{
  "name": "node-libfive",
  "version": "1.0.0",
  "lockfileVersion": 3,
  "requires": true,
  "packages": {
    "": {
      "name": "node-libfive",
      "version": "1.0.0",
      "license": "ISC",
      "dependencies": {
        "koffi": "^2.3.5"
      }
    },
    "node_modules/koffi": {
      "version": "2.6.1",
      "resolved": "https://registry.npmjs.org/koffi/-/koffi-2.6.1.tgz",
      "integrity": "sha512-f+g1yGJHHAUq6ogPzvsiLn+ZO1GYTNHH3JKyt49T4JhpaFAIovlDCpu5RscywGC3VsntvfzrqArQQJVb4YS4UQ==",
      "hasInstallScript": true
    }
  }
}
