{
  "name": "node-libfive",
  "version": "1.0.0",
  "lockfileVersion": 3,
  "requires": true,
  "packages": {
    "": {
      "name": "libfivejs",
      "version": "1.0.0",
      "license": "ISC",
      "dependencies": {
        "koffi": "^2.3.5"
      }
    },
    "node_modules/koffi": {
      "version": "2.3.5",
      "resolved": "https://registry.npmjs.org/koffi/-/koffi-2.3.5.tgz",
      "integrity": "sha512-Xy2BZB+zMwTVn3be5Pjmj/KtXx14f9IdDhvd/T4ccYcWFQX+2sd3C9tp0UGFuul3sGKXC13BG172iB+YJzRtyA==",
      "hasInstallScript": true
    }
  }
}
