{
  "name": "summonscript",
  "version": "1.0.0",
  "lockfileVersion": 3,
  "requires": true,
  "packages": {
    "": {
      "name": "summonscript",
      "version": "1.0.0",
      "license": "ISC",
      "dependencies": {
        "koffi": "^2.12.0"
      }
    },
    "node_modules/koffi": {
      "version": "2.12.0",
      "resolved": "https://registry.npmjs.org/koffi/-/koffi-2.12.0.tgz",
      "integrity": "sha512-J886y/bvoGG4ZhMVstB2Nh6/q9tzAYn0kaH7Ss8DWavGIxP5jOLzUY9IZzw9pMuXArj0SLSpl0MYsKRURPAv7g==",
      "hasInstallScript": true,
      "license": "MIT"
    }
  }
}
