{
  "name": "summonscript",
  "version": "1.0.0",
  "lockfileVersion": 3,
  "requires": true,
  "packages": {
    "": {
      "name": "summonscript",
      "version": "1.0.0",
      "license": "ISC",
      "dependencies": {
        "koffi": "^2.6.3"
      }
    },
    "node_modules/koffi": {
      "version": "2.6.3",
      "resolved": "https://registry.npmjs.org/koffi/-/koffi-2.6.3.tgz",
      "integrity": "sha512-UGkH8u91YqHteas8YCwFAW0HKBcBfYJvpbGdf1n4sqeFaDatACuy4TF4hDbbKB8sHrfk95G/Q1wWvPg4pfzxfA==",
      "hasInstallScript": true
    }
  }
}
